{
    "version": 3,
    "terraform_version": "0.11.8",
    "serial": 3,
    "lineage": "1c27f284-8189-f140-2f74-1d19e1716c2b",
    "modules": [
        {
            "path": [
                "root"
            ],
            "outputs": {},
            "resources": {
                "aws_eip.bastion": {
                    "type": "aws_eip",
                    "depends_on": [
                        "aws_instance.bastion",
                        "aws_internet_gateway.gw"
                    ],
                    "primary": {
                        "id": "eipalloc-0c83d7c1e6be018d7",
                        "attributes": {
                            "association_id": "eipassoc-0756d65e400319392",
                            "domain": "vpc",
                            "id": "eipalloc-0c83d7c1e6be018d7",
                            "instance": "i-0af09d337b51741c7",
                            "network_interface": "eni-08232b6ca60e3b389",
                            "private_ip": "10.0.0.239",
                            "public_ip": "35.165.119.156",
                            "tags.%": "0",
                            "vpc": "true"
                        },
                        "meta": {
                            "e2bfb730-ecaa-11e6-8f88-34363bc7c4c0": {
                                "delete": 180000000000,
                                "read": 900000000000,
                                "update": 300000000000
                            }
                        },
                        "tainted": false
                    },
                    "deposed": [],
                    "provider": "provider.aws"
                },
                "aws_eip.example": {
                    "type": "aws_eip",
                    "depends_on": [
                        "aws_instance.example",
                        "aws_internet_gateway.gw"
                    ],
                    "primary": {
                        "id": "eipalloc-0e49c201f4ca4dfd6",
                        "attributes": {
                            "association_id": "eipassoc-0e830eb14e5ef379b",
                            "domain": "vpc",
                            "id": "eipalloc-0e49c201f4ca4dfd6",
                            "instance": "i-0866179e4532c6930",
                            "network_interface": "eni-056f2ddb884ddff39",
                            "private_ip": "10.0.0.212",
                            "public_ip": "54.148.159.65",
                            "tags.%": "0",
                            "vpc": "true"
                        },
                        "meta": {
                            "e2bfb730-ecaa-11e6-8f88-34363bc7c4c0": {
                                "delete": 180000000000,
                                "read": 900000000000,
                                "update": 300000000000
                            }
                        },
                        "tainted": false
                    },
                    "deposed": [],
                    "provider": "provider.aws"
                },
                "aws_instance.bastion": {
                    "type": "aws_instance",
                    "depends_on": [
                        "aws_internet_gateway.gw",
                        "aws_subnet.main_public"
                    ],
                    "primary": {
                        "id": "i-0af09d337b51741c7",
                        "attributes": {
                            "ami": "ami-51537029",
                            "arn": "arn:aws:ec2:us-west-2:027431808946:instance/i-0af09d337b51741c7",
                            "associate_public_ip_address": "true",
                            "availability_zone": "us-west-2a",
                            "cpu_core_count": "1",
                            "cpu_threads_per_core": "1",
                            "credit_specification.#": "1",
                            "credit_specification.0.cpu_credits": "standard",
                            "disable_api_termination": "false",
                            "ebs_block_device.#": "0",
                            "ebs_optimized": "false",
                            "ephemeral_block_device.#": "0",
                            "get_password_data": "false",
                            "iam_instance_profile": "",
                            "id": "i-0af09d337b51741c7",
                            "instance_state": "running",
                            "instance_type": "t2.micro",
                            "ipv6_addresses.#": "0",
                            "key_name": "",
                            "monitoring": "false",
                            "network_interface.#": "0",
                            "network_interface_id": "eni-08232b6ca60e3b389",
                            "password_data": "",
                            "placement_group": "",
                            "primary_network_interface_id": "eni-08232b6ca60e3b389",
                            "private_dns": "ip-10-0-0-239.us-west-2.compute.internal",
                            "private_ip": "10.0.0.239",
                            "public_dns": "",
                            "public_ip": "35.165.119.156",
                            "root_block_device.#": "1",
                            "root_block_device.0.delete_on_termination": "true",
                            "root_block_device.0.iops": "100",
                            "root_block_device.0.volume_id": "vol-0cd8dad540091efa0",
                            "root_block_device.0.volume_size": "8",
                            "root_block_device.0.volume_type": "gp2",
                            "security_groups.#": "0",
                            "source_dest_check": "true",
                            "subnet_id": "subnet-0bb8b3c7747b1f8c0",
                            "tags.%": "2",
                            "tags.CostAllocation": "AWS Takehome",
                            "tags.Name": "main vpc bastion",
                            "tenancy": "default",
                            "volume_tags.%": "0",
                            "vpc_security_group_ids.#": "1",
                            "vpc_security_group_ids.2971305905": "sg-0aef12c74b06a85a6"
                        },
                        "meta": {
                            "e2bfb730-ecaa-11e6-8f88-34363bc7c4c0": {
                                "create": 600000000000,
                                "delete": 1200000000000,
                                "update": 600000000000
                            },
                            "schema_version": "1"
                        },
                        "tainted": false
                    },
                    "deposed": [],
                    "provider": "provider.aws"
                },
                "aws_instance.example": {
                    "type": "aws_instance",
                    "depends_on": [
                        "aws_internet_gateway.gw",
                        "aws_subnet.main_public"
                    ],
                    "primary": {
                        "id": "i-0866179e4532c6930",
                        "attributes": {
                            "ami": "ami-51537029",
                            "arn": "arn:aws:ec2:us-west-2:027431808946:instance/i-0866179e4532c6930",
                            "associate_public_ip_address": "true",
                            "availability_zone": "us-west-2a",
                            "cpu_core_count": "1",
                            "cpu_threads_per_core": "1",
                            "credit_specification.#": "1",
                            "credit_specification.0.cpu_credits": "standard",
                            "disable_api_termination": "false",
                            "ebs_block_device.#": "0",
                            "ebs_optimized": "false",
                            "ephemeral_block_device.#": "0",
                            "get_password_data": "false",
                            "iam_instance_profile": "",
                            "id": "i-0866179e4532c6930",
                            "instance_state": "running",
                            "instance_type": "t2.micro",
                            "ipv6_addresses.#": "0",
                            "key_name": "",
                            "monitoring": "false",
                            "network_interface.#": "0",
                            "network_interface_id": "eni-056f2ddb884ddff39",
                            "password_data": "",
                            "placement_group": "",
                            "primary_network_interface_id": "eni-056f2ddb884ddff39",
                            "private_dns": "ip-10-0-0-212.us-west-2.compute.internal",
                            "private_ip": "10.0.0.212",
                            "public_dns": "",
                            "public_ip": "54.148.159.65",
                            "root_block_device.#": "1",
                            "root_block_device.0.delete_on_termination": "true",
                            "root_block_device.0.iops": "100",
                            "root_block_device.0.volume_id": "vol-052a5749ce4ff4c29",
                            "root_block_device.0.volume_size": "8",
                            "root_block_device.0.volume_type": "gp2",
                            "security_groups.#": "0",
                            "source_dest_check": "true",
                            "subnet_id": "subnet-0bb8b3c7747b1f8c0",
                            "tags.%": "2",
                            "tags.CostAllocation": "AWS Takehome",
                            "tags.Name": "main vpc example",
                            "tenancy": "default",
                            "volume_tags.%": "0",
                            "vpc_security_group_ids.#": "1",
                            "vpc_security_group_ids.2971305905": "sg-0aef12c74b06a85a6"
                        },
                        "meta": {
                            "e2bfb730-ecaa-11e6-8f88-34363bc7c4c0": {
                                "create": 600000000000,
                                "delete": 1200000000000,
                                "update": 600000000000
                            },
                            "schema_version": "1"
                        },
                        "tainted": false
                    },
                    "deposed": [],
                    "provider": "provider.aws"
                },
                "aws_internet_gateway.gw": {
                    "type": "aws_internet_gateway",
                    "depends_on": [
                        "aws_vpc.main"
                    ],
                    "primary": {
                        "id": "igw-03fa4196c72f58c79",
                        "attributes": {
                            "id": "igw-03fa4196c72f58c79",
                            "tags.%": "2",
                            "tags.CostAllocation": "AWS Takehome",
                            "tags.Name": "Main VPC Gateway",
                            "vpc_id": "vpc-076cbad02b394d07d"
                        },
                        "meta": {},
                        "tainted": false
                    },
                    "deposed": [],
                    "provider": "provider.aws"
                },
                "aws_subnet.main_public": {
                    "type": "aws_subnet",
                    "depends_on": [
                        "aws_vpc.main"
                    ],
                    "primary": {
                        "id": "subnet-0bb8b3c7747b1f8c0",
                        "attributes": {
                            "arn": "arn:aws:ec2:us-west-2:027431808946:subnet/subnet-0bb8b3c7747b1f8c0",
                            "assign_ipv6_address_on_creation": "false",
                            "availability_zone": "us-west-2a",
                            "cidr_block": "10.0.0.0/24",
                            "id": "subnet-0bb8b3c7747b1f8c0",
                            "map_public_ip_on_launch": "false",
                            "tags.%": "2",
                            "tags.CostAllocation": "AWS Takehome",
                            "tags.Name": "Main Public Subnet",
                            "vpc_id": "vpc-076cbad02b394d07d"
                        },
                        "meta": {
                            "schema_version": "1"
                        },
                        "tainted": false
                    },
                    "deposed": [],
                    "provider": "provider.aws"
                },
                "aws_vpc.main": {
                    "type": "aws_vpc",
                    "depends_on": [],
                    "primary": {
                        "id": "vpc-076cbad02b394d07d",
                        "attributes": {
                            "arn": "arn:aws:ec2:us-west-2:027431808946:vpc/vpc-076cbad02b394d07d",
                            "assign_generated_ipv6_cidr_block": "false",
                            "cidr_block": "10.0.0.0/16",
                            "default_network_acl_id": "acl-02df35a8cd1da53d5",
                            "default_route_table_id": "rtb-0160f20f8a45d62f1",
                            "default_security_group_id": "sg-0aef12c74b06a85a6",
                            "dhcp_options_id": "dopt-4e738c36",
                            "enable_classiclink": "false",
                            "enable_classiclink_dns_support": "false",
                            "enable_dns_hostnames": "false",
                            "enable_dns_support": "true",
                            "id": "vpc-076cbad02b394d07d",
                            "instance_tenancy": "default",
                            "main_route_table_id": "rtb-0160f20f8a45d62f1",
                            "tags.%": "2",
                            "tags.CostAllocation": "AWS Takehome",
                            "tags.Name": "Main"
                        },
                        "meta": {
                            "schema_version": "1"
                        },
                        "tainted": false
                    },
                    "deposed": [],
                    "provider": "provider.aws"
                }
            },
            "depends_on": []
        }
    ]
}
